
Microsoft Visual Studio Solution File, Format Version 12.00
# Visual Studio Version 17
VisualStudioVersion = 17.5.002.0
MinimumVisualStudioVersion = 10.0.40219.1
Project("{9A19103F-16F7-4668-BE54-9A1E7A4F7556}") = "Domain", "Domain\Domain.csproj", "{92D74E78-E91A-402A-97D7-C8A8DD478842}"
EndProject
Project("{9A19103F-16F7-4668-BE54-9A1E7A4F7556}") = "KanjiKingFrontEnd", "KanjiKingFrontEnd\KanjiKingFrontEnd.csproj", "{16851408-B1C8-47FF-8927-A71DCA3D70FB}"
EndProject
Project("{9A19103F-16F7-4668-BE54-9A1E7A4F7556}") = "Tests", "Tests\Tests.csproj", "{92B7E614-D6F2-49B7-B62A-D046229C7FCF}"
EndProject
Global
	GlobalSection(SolutionConfigurationPlatforms) = preSolution
		Debug|Any CPU = Debug|Any CPU
		Release|Any CPU = Release|Any CPU
	EndGlobalSection
	GlobalSection(ProjectConfigurationPlatforms) = postSolution
		{92D74E78-E91A-402A-97D7-C8A8DD478842}.Debug|Any CPU.ActiveCfg = Debug|Any CPU
		{92D74E78-E91A-402A-97D7-C8A8DD478842}.Debug|Any CPU.Build.0 = Debug|Any CPU
		{92D74E78-E91A-402A-97D7-C8A8DD478842}.Release|Any CPU.ActiveCfg = Release|Any CPU
		{92D74E78-E91A-402A-97D7-C8A8DD478842}.Release|Any CPU.Build.0 = Release|Any CPU
		{16851408-B1C8-47FF-8927-A71DCA3D70FB}.Debug|Any CPU.ActiveCfg = Debug|Any CPU
		{16851408-B1C8-47FF-8927-A71DCA3D70FB}.Debug|Any CPU.Build.0 = Debug|Any CPU
		{16851408-B1C8-47FF-8927-A71DCA3D70FB}.Release|Any CPU.ActiveCfg = Release|Any CPU
		{16851408-B1C8-47FF-8927-A71DCA3D70FB}.Release|Any CPU.Build.0 = Release|Any CPU
		{92B7E614-D6F2-49B7-B62A-D046229C7FCF}.Debug|Any CPU.ActiveCfg = Debug|Any CPU
		{92B7E614-D6F2-49B7-B62A-D046229C7FCF}.Debug|Any CPU.Build.0 = Debug|Any CPU
		{92B7E614-D6F2-49B7-B62A-D046229C7FCF}.Release|Any CPU.ActiveCfg = Release|Any CPU
		{92B7E614-D6F2-49B7-B62A-D046229C7FCF}.Release|Any CPU.Build.0 = Release|Any CPU
	EndGlobalSection
	GlobalSection(SolutionProperties) = preSolution
		HideSolutionNode = FALSE
	EndGlobalSection
	GlobalSection(ExtensibilityGlobals) = postSolution
		SolutionGuid = {6E330CD8-06ED-4695-ACDC-8A01C1146292}
	EndGlobalSection
EndGlobal
